// !$*UTF8*$!
{
	archiveVersion = 1;
	classes = {
	};
	objectVersion = 56;
	objects = {

/* Begin PBXBuildFile section */
		AFEAAD362A72C33F0055DBB3 /* AvocadosApp.swift in Sources */ = {isa = PBXBuildFile; fileRef = AFEAAD352A72C33F0055DBB3 /* AvocadosApp.swift */; };
		AFEAAD382A72C33F0055DBB3 /* ContentView.swift in Sources */ = {isa = PBXBuildFile; fileRef = AFEAAD372A72C33F0055DBB3 /* ContentView.swift */; };
		AFEAAD3A2A72C3400055DBB3 /* Assets.xcassets in Resources */ = {isa = PBXBuildFile; fileRef = AFEAAD392A72C3400055DBB3 /* Assets.xcassets */; };
		AFEAAD3D2A72C3400055DBB3 /* Preview Assets.xcassets in Resources */ = {isa = PBXBuildFile; fileRef = AFEAAD3C2A72C3400055DBB3 /* Preview Assets.xcassets */; };
		AFEAAD462A72C9940055DBB3 /* LaunchScreen.storyboard in Resources */ = {isa = PBXBuildFile; fileRef = AFEAAD452A72C9940055DBB3 /* LaunchScreen.storyboard */; };
		AFEAAD4E2A72DDE40055DBB3 /* AvocadosView.swift in Sources */ = {isa = PBXBuildFile; fileRef = AFEAAD4D2A72DDE40055DBB3 /* AvocadosView.swift */; };
		AFEAAD502A72DE000055DBB3 /* RipeningStagesView.swift in Sources */ = {isa = PBXBuildFile; fileRef = AFEAAD4F2A72DE000055DBB3 /* RipeningStagesView.swift */; };
		AFEAAD522A72DE0C0055DBB3 /* SettingsView.swift in Sources */ = {isa = PBXBuildFile; fileRef = AFEAAD512A72DE0C0055DBB3 /* SettingsView.swift */; };
		AFEAAD542A72DE1E0055DBB3 /* AppView.swift in Sources */ = {isa = PBXBuildFile; fileRef = AFEAAD532A72DE1E0055DBB3 /* AppView.swift */; };
		AFEAAD562A73FE9B0055DBB3 /* HeaderView.swift in Sources */ = {isa = PBXBuildFile; fileRef = AFEAAD552A73FE9B0055DBB3 /* HeaderView.swift */; };
		AFEAAD5E2A7403B00055DBB3 /* RipeningData.txt in Resources */ = {isa = PBXBuildFile; fileRef = AFEAAD5A2A7403B00055DBB3 /* RipeningData.txt */; };
		AFEAAD602A7406AE0055DBB3 /* HeaderModel.swift in Sources */ = {isa = PBXBuildFile; fileRef = AFEAAD5F2A7406AE0055DBB3 /* HeaderModel.swift */; };
		AFEAAD622A7407220055DBB3 /* HeaderData.swift in Sources */ = {isa = PBXBuildFile; fileRef = AFEAAD612A7407220055DBB3 /* HeaderData.swift */; };
		AFEAAD642A77F9910055DBB3 /* DishesView.swift in Sources */ = {isa = PBXBuildFile; fileRef = AFEAAD632A77F9910055DBB3 /* DishesView.swift */; };
		AFEAAD662A77FE8A0055DBB3 /* FactsView.swift in Sources */ = {isa = PBXBuildFile; fileRef = AFEAAD652A77FE8A0055DBB3 /* FactsView.swift */; };
		AFEAAD682A7801790055DBB3 /* FactModel.swift in Sources */ = {isa = PBXBuildFile; fileRef = AFEAAD672A7801790055DBB3 /* FactModel.swift */; };
		AFEAAD6A2A7801C10055DBB3 /* FactData.swift in Sources */ = {isa = PBXBuildFile; fileRef = AFEAAD692A7801C10055DBB3 /* FactData.swift */; };
		AFEAAD6C2A78036F0055DBB3 /* RecipeModel.swift in Sources */ = {isa = PBXBuildFile; fileRef = AFEAAD6B2A78036F0055DBB3 /* RecipeModel.swift */; };
		AFEAAD6E2A7803D10055DBB3 /* RecipeData.swift in Sources */ = {isa = PBXBuildFile; fileRef = AFEAAD6D2A7803D10055DBB3 /* RecipeData.swift */; };
		AFEAAD702A78091B0055DBB3 /* RecipeCardView.swift in Sources */ = {isa = PBXBuildFile; fileRef = AFEAAD6F2A78091B0055DBB3 /* RecipeCardView.swift */; };
		AFEAAD722A780D840055DBB3 /* RecipeRatingView.swift in Sources */ = {isa = PBXBuildFile; fileRef = AFEAAD712A780D840055DBB3 /* RecipeRatingView.swift */; };
		AFEAAD742A780E0A0055DBB3 /* RecipeCookingView.swift in Sources */ = {isa = PBXBuildFile; fileRef = AFEAAD732A780E0A0055DBB3 /* RecipeCookingView.swift */; };
		AFEAAD762A780E770055DBB3 /* RecipeDetailView.swift in Sources */ = {isa = PBXBuildFile; fileRef = AFEAAD752A780E770055DBB3 /* RecipeDetailView.swift */; };
/* End PBXBuildFile section */

/* Begin PBXFileReference section */
		AFEAAD322A72C33F0055DBB3 /* Avocados.app */ = {isa = PBXFileReference; explicitFileType = wrapper.application; includeInIndex = 0; path = Avocados.app; sourceTree = BUILT_PRODUCTS_DIR; };
		AFEAAD352A72C33F0055DBB3 /* AvocadosApp.swift */ = {isa = PBXFileReference; lastKnownFileType = sourcecode.swift; path = AvocadosApp.swift; sourceTree = "<group>"; };
		AFEAAD372A72C33F0055DBB3 /* ContentView.swift */ = {isa = PBXFileReference; lastKnownFileType = sourcecode.swift; path = ContentView.swift; sourceTree = "<group>"; };
		AFEAAD392A72C3400055DBB3 /* Assets.xcassets */ = {isa = PBXFileReference; lastKnownFileType = folder.assetcatalog; path = Assets.xcassets; sourceTree = "<group>"; };
		AFEAAD3C2A72C3400055DBB3 /* Preview Assets.xcassets */ = {isa = PBXFileReference; lastKnownFileType = folder.assetcatalog; path = "Preview Assets.xcassets"; sourceTree = "<group>"; };
		AFEAAD452A72C9940055DBB3 /* LaunchScreen.storyboard */ = {isa = PBXFileReference; lastKnownFileType = file.storyboard; path = LaunchScreen.storyboard; sourceTree = "<group>"; };
		AFEAAD472A72CCA50055DBB3 /* Info.plist */ = {isa = PBXFileReference; lastKnownFileType = text.plist; path = Info.plist; sourceTree = "<group>"; };
		AFEAAD4D2A72DDE40055DBB3 /* AvocadosView.swift */ = {isa = PBXFileReference; lastKnownFileType = sourcecode.swift; path = AvocadosView.swift; sourceTree = "<group>"; };
		AFEAAD4F2A72DE000055DBB3 /* RipeningStagesView.swift */ = {isa = PBXFileReference; lastKnownFileType = sourcecode.swift; path = RipeningStagesView.swift; sourceTree = "<group>"; };
		AFEAAD512A72DE0C0055DBB3 /* SettingsView.swift */ = {isa = PBXFileReference; lastKnownFileType = sourcecode.swift; path = SettingsView.swift; sourceTree = "<group>"; };
		AFEAAD532A72DE1E0055DBB3 /* AppView.swift */ = {isa = PBXFileReference; lastKnownFileType = sourcecode.swift; path = AppView.swift; sourceTree = "<group>"; };
		AFEAAD552A73FE9B0055DBB3 /* HeaderView.swift */ = {isa = PBXFileReference; lastKnownFileType = sourcecode.swift; path = HeaderView.swift; sourceTree = "<group>"; };
		AFEAAD5A2A7403B00055DBB3 /* RipeningData.txt */ = {isa = PBXFileReference; fileEncoding = 4; lastKnownFileType = text; path = RipeningData.txt; sourceTree = "<group>"; };
		AFEAAD5F2A7406AE0055DBB3 /* HeaderModel.swift */ = {isa = PBXFileReference; lastKnownFileType = sourcecode.swift; path = HeaderModel.swift; sourceTree = "<group>"; };
		AFEAAD612A7407220055DBB3 /* HeaderData.swift */ = {isa = PBXFileReference; lastKnownFileType = sourcecode.swift; path = HeaderData.swift; sourceTree = "<group>"; };
		AFEAAD632A77F9910055DBB3 /* DishesView.swift */ = {isa = PBXFileReference; lastKnownFileType = sourcecode.swift; path = DishesView.swift; sourceTree = "<group>"; };
		AFEAAD652A77FE8A0055DBB3 /* FactsView.swift */ = {isa = PBXFileReference; lastKnownFileType = sourcecode.swift; path = FactsView.swift; sourceTree = "<group>"; };
		AFEAAD672A7801790055DBB3 /* FactModel.swift */ = {isa = PBXFileReference; lastKnownFileType = sourcecode.swift; path = FactModel.swift; sourceTree = "<group>"; };
		AFEAAD692A7801C10055DBB3 /* FactData.swift */ = {isa = PBXFileReference; lastKnownFileType = sourcecode.swift; path = FactData.swift; sourceTree = "<group>"; };
		AFEAAD6B2A78036F0055DBB3 /* RecipeModel.swift */ = {isa = PBXFileReference; lastKnownFileType = sourcecode.swift; path = RecipeModel.swift; sourceTree = "<group>"; };
		AFEAAD6D2A7803D10055DBB3 /* RecipeData.swift */ = {isa = PBXFileReference; lastKnownFileType = sourcecode.swift; path = RecipeData.swift; sourceTree = "<group>"; };
		AFEAAD6F2A78091B0055DBB3 /* RecipeCardView.swift */ = {isa = PBXFileReference; lastKnownFileType = sourcecode.swift; path = RecipeCardView.swift; sourceTree = "<group>"; };
		AFEAAD712A780D840055DBB3 /* RecipeRatingView.swift */ = {isa = PBXFileReference; lastKnownFileType = sourcecode.swift; path = RecipeRatingView.swift; sourceTree = "<group>"; };
		AFEAAD732A780E0A0055DBB3 /* RecipeCookingView.swift */ = {isa = PBXFileReference; lastKnownFileType = sourcecode.swift; path = RecipeCookingView.swift; sourceTree = "<group>"; };
		AFEAAD752A780E770055DBB3 /* RecipeDetailView.swift */ = {isa = PBXFileReference; lastKnownFileType = sourcecode.swift; path = RecipeDetailView.swift; sourceTree = "<group>"; };
/* End PBXFileReference section */

/* Begin PBXFrameworksBuildPhase section */
		AFEAAD2F2A72C33F0055DBB3 /* Frameworks */ = {
			isa = PBXFrameworksBuildPhase;
			buildActionMask = 2147483647;
			files = (
			);
			runOnlyForDeploymentPostprocessing = 0;
		};
/* End PBXFrameworksBuildPhase section */

/* Begin PBXGroup section */
		AFEAAD292A72C33F0055DBB3 = {
			isa = PBXGroup;
			children = (
				AFEAAD342A72C33F0055DBB3 /* Avocados */,
				AFEAAD332A72C33F0055DBB3 /* Products */,
			);
			sourceTree = "<group>";
		};
		AFEAAD332A72C33F0055DBB3 /* Products */ = {
			isa = PBXGroup;
			children = (
				AFEAAD322A72C33F0055DBB3 /* Avocados.app */,
			);
			name = Products;
			sourceTree = "<group>";
		};
		AFEAAD342A72C33F0055DBB3 /* Avocados */ = {
			isa = PBXGroup;
			children = (
				AFEAAD352A72C33F0055DBB3 /* AvocadosApp.swift */,
				AFEAAD4C2A72DDC80055DBB3 /* Views */,
				AFEAAD4B2A72DDBB0055DBB3 /* Models */,
				AFEAAD4A2A72DDB10055DBB3 /* Data */,
				AFEAAD472A72CCA50055DBB3 /* Info.plist */,
				AFEAAD392A72C3400055DBB3 /* Assets.xcassets */,
				AFEAAD3B2A72C3400055DBB3 /* Preview Content */,
				AFEAAD452A72C9940055DBB3 /* LaunchScreen.storyboard */,
			);
			path = Avocados;
			sourceTree = "<group>";
		};
		AFEAAD3B2A72C3400055DBB3 /* Preview Content */ = {
			isa = PBXGroup;
			children = (
				AFEAAD3C2A72C3400055DBB3 /* Preview Assets.xcassets */,
			);
			path = "Preview Content";
			sourceTree = "<group>";
		};
		AFEAAD4A2A72DDB10055DBB3 /* Data */ = {
			isa = PBXGroup;
			children = (
				AFEAAD5A2A7403B00055DBB3 /* RipeningData.txt */,
				AFEAAD612A7407220055DBB3 /* HeaderData.swift */,
				AFEAAD692A7801C10055DBB3 /* FactData.swift */,
				AFEAAD6D2A7803D10055DBB3 /* RecipeData.swift */,
			);
			path = Data;
			sourceTree = "<group>";
		};
		AFEAAD4B2A72DDBB0055DBB3 /* Models */ = {
			isa = PBXGroup;
			children = (
				AFEAAD5F2A7406AE0055DBB3 /* HeaderModel.swift */,
				AFEAAD672A7801790055DBB3 /* FactModel.swift */,
				AFEAAD6B2A78036F0055DBB3 /* RecipeModel.swift */,
			);
			path = Models;
			sourceTree = "<group>";
		};
		AFEAAD4C2A72DDC80055DBB3 /* Views */ = {
			isa = PBXGroup;
			children = (
				AFEAAD372A72C33F0055DBB3 /* ContentView.swift */,
				AFEAAD4D2A72DDE40055DBB3 /* AvocadosView.swift */,
				AFEAAD4F2A72DE000055DBB3 /* RipeningStagesView.swift */,
				AFEAAD512A72DE0C0055DBB3 /* SettingsView.swift */,
				AFEAAD532A72DE1E0055DBB3 /* AppView.swift */,
				AFEAAD552A73FE9B0055DBB3 /* HeaderView.swift */,
				AFEAAD632A77F9910055DBB3 /* DishesView.swift */,
				AFEAAD652A77FE8A0055DBB3 /* FactsView.swift */,
				AFEAAD6F2A78091B0055DBB3 /* RecipeCardView.swift */,
				AFEAAD712A780D840055DBB3 /* RecipeRatingView.swift */,
				AFEAAD732A780E0A0055DBB3 /* RecipeCookingView.swift */,
				AFEAAD752A780E770055DBB3 /* RecipeDetailView.swift */,
			);
			path = Views;
			sourceTree = "<group>";
		};
/* End PBXGroup section */

/* Begin PBXNativeTarget section */
		AFEAAD312A72C33F0055DBB3 /* Avocados */ = {
			isa = PBXNativeTarget;
			buildConfigurationList = AFEAAD402A72C3400055DBB3 /* Build configuration list for PBXNativeTarget "Avocados" */;
			buildPhases = (
				AFEAAD2E2A72C33F0055DBB3 /* Sources */,
				AFEAAD2F2A72C33F0055DBB3 /* Frameworks */,
				AFEAAD302A72C33F0055DBB3 /* Resources */,
			);
			buildRules = (
			);
			dependencies = (
			);
			name = Avocados;
			productName = Avocados;
			productReference = AFEAAD322A72C33F0055DBB3 /* Avocados.app */;
			productType = "com.apple.product-type.application";
		};
/* End PBXNativeTarget section */

/* Begin PBXProject section */
		AFEAAD2A2A72C33F0055DBB3 /* Project object */ = {
			isa = PBXProject;
			attributes = {
				BuildIndependentTargetsInParallel = 1;
				LastSwiftUpdateCheck = 1430;
				LastUpgradeCheck = 1430;
				TargetAttributes = {
					AFEAAD312A72C33F0055DBB3 = {
						CreatedOnToolsVersion = 14.3.1;
					};
				};
			};
			buildConfigurationList = AFEAAD2D2A72C33F0055DBB3 /* Build configuration list for PBXProject "Avocados" */;
			compatibilityVersion = "Xcode 14.0";
			developmentRegion = en;
			hasScannedForEncodings = 0;
			knownRegions = (
				en,
				Base,
			);
			mainGroup = AFEAAD292A72C33F0055DBB3;
			productRefGroup = AFEAAD332A72C33F0055DBB3 /* Products */;
			projectDirPath = "";
			projectRoot = "";
			targets = (
				AFEAAD312A72C33F0055DBB3 /* Avocados */,
			);
		};
/* End PBXProject section */

/* Begin PBXResourcesBuildPhase section */
		AFEAAD302A72C33F0055DBB3 /* Resources */ = {
			isa = PBXResourcesBuildPhase;
			buildActionMask = 2147483647;
			files = (
				AFEAAD5E2A7403B00055DBB3 /* RipeningData.txt in Resources */,
				AFEAAD462A72C9940055DBB3 /* LaunchScreen.storyboard in Resources */,
				AFEAAD3D2A72C3400055DBB3 /* Preview Assets.xcassets in Resources */,
				AFEAAD3A2A72C3400055DBB3 /* Assets.xcassets in Resources */,
			);
			runOnlyForDeploymentPostprocessing = 0;
		};
/* End PBXResourcesBuildPhase section */

/* Begin PBXSourcesBuildPhase section */
		AFEAAD2E2A72C33F0055DBB3 /* Sources */ = {
			isa = PBXSourcesBuildPhase;
			buildActionMask = 2147483647;
			files = (
				AFEAAD522A72DE0C0055DBB3 /* SettingsView.swift in Sources */,
				AFEAAD722A780D840055DBB3 /* RecipeRatingView.swift in Sources */,
				AFEAAD382A72C33F0055DBB3 /* ContentView.swift in Sources */,
				AFEAAD542A72DE1E0055DBB3 /* AppView.swift in Sources */,
				AFEAAD502A72DE000055DBB3 /* RipeningStagesView.swift in Sources */,
				AFEAAD362A72C33F0055DBB3 /* AvocadosApp.swift in Sources */,
				AFEAAD4E2A72DDE40055DBB3 /* AvocadosView.swift in Sources */,
				AFEAAD602A7406AE0055DBB3 /* HeaderModel.swift in Sources */,
				AFEAAD6C2A78036F0055DBB3 /* RecipeModel.swift in Sources */,
				AFEAAD622A7407220055DBB3 /* HeaderData.swift in Sources */,
				AFEAAD642A77F9910055DBB3 /* DishesView.swift in Sources */,
				AFEAAD742A780E0A0055DBB3 /* RecipeCookingView.swift in Sources */,
				AFEAAD682A7801790055DBB3 /* FactModel.swift in Sources */,
				AFEAAD662A77FE8A0055DBB3 /* FactsView.swift in Sources */,
				AFEAAD702A78091B0055DBB3 /* RecipeCardView.swift in Sources */,
				AFEAAD6E2A7803D10055DBB3 /* RecipeData.swift in Sources */,
				AFEAAD562A73FE9B0055DBB3 /* HeaderView.swift in Sources */,
				AFEAAD762A780E770055DBB3 /* RecipeDetailView.swift in Sources */,
				AFEAAD6A2A7801C10055DBB3 /* FactData.swift in Sources */,
			);
			runOnlyForDeploymentPostprocessing = 0;
		};
/* End PBXSourcesBuildPhase section */

/* Begin XCBuildConfiguration section */
		AFEAAD3E2A72C3400055DBB3 /* Debug */ = {
			isa = XCBuildConfiguration;
			buildSettings = {
				ALWAYS_SEARCH_USER_PATHS = NO;
				CLANG_ANALYZER_NONNULL = YES;
				CLANG_ANALYZER_NUMBER_OBJECT_CONVERSION = YES_AGGRESSIVE;
				CLANG_CXX_LANGUAGE_STANDARD = "gnu++20";
				CLANG_ENABLE_MODULES = YES;
				CLANG_ENABLE_OBJC_ARC = YES;
				CLANG_ENABLE_OBJC_WEAK = YES;
				CLANG_WARN_BLOCK_CAPTURE_AUTORELEASING = YES;
				CLANG_WARN_BOOL_CONVERSION = YES;
				CLANG_WARN_COMMA = YES;
				CLANG_WARN_CONSTANT_CONVERSION = YES;
				CLANG_WARN_DEPRECATED_OBJC_IMPLEMENTATIONS = YES;
				CLANG_WARN_DIRECT_OBJC_ISA_USAGE = YES_ERROR;
				CLANG_WARN_DOCUMENTATION_COMMENTS = YES;
				CLANG_WARN_EMPTY_BODY = YES;
				CLANG_WARN_ENUM_CONVERSION = YES;
				CLANG_WARN_INFINITE_RECURSION = YES;
				CLANG_WARN_INT_CONVERSION = YES;
				CLANG_WARN_NON_LITERAL_NULL_CONVERSION = YES;
				CLANG_WARN_OBJC_IMPLICIT_RETAIN_SELF = YES;
				CLANG_WARN_OBJC_LITERAL_CONVERSION = YES;
				CLANG_WARN_OBJC_ROOT_CLASS = YES_ERROR;
				CLANG_WARN_QUOTED_INCLUDE_IN_FRAMEWORK_HEADER = YES;
				CLANG_WARN_RANGE_LOOP_ANALYSIS = YES;
				CLANG_WARN_STRICT_PROTOTYPES = YES;
				CLANG_WARN_SUSPICIOUS_MOVE = YES;
				CLANG_WARN_UNGUARDED_AVAILABILITY = YES_AGGRESSIVE;
				CLANG_WARN_UNREACHABLE_CODE = YES;
				CLANG_WARN__DUPLICATE_METHOD_MATCH = YES;
				COPY_PHASE_STRIP = NO;
				DEBUG_INFORMATION_FORMAT = dwarf;
				ENABLE_STRICT_OBJC_MSGSEND = YES;
				ENABLE_TESTABILITY = YES;
				GCC_C_LANGUAGE_STANDARD = gnu11;
				GCC_DYNAMIC_NO_PIC = NO;
				GCC_NO_COMMON_BLOCKS = YES;
				GCC_OPTIMIZATION_LEVEL = 0;
				GCC_PREPROCESSOR_DEFINITIONS = (
					"DEBUG=1",
					"$(inherited)",
				);
				GCC_WARN_64_TO_32_BIT_CONVERSION = YES;
				GCC_WARN_ABOUT_RETURN_TYPE = YES_ERROR;
				GCC_WARN_UNDECLARED_SELECTOR = YES;
				GCC_WARN_UNINITIALIZED_AUTOS = YES_AGGRESSIVE;
				GCC_WARN_UNUSED_FUNCTION = YES;
				GCC_WARN_UNUSED_VARIABLE = YES;
				IPHONEOS_DEPLOYMENT_TARGET = 16.4;
				MTL_ENABLE_DEBUG_INFO = INCLUDE_SOURCE;
				MTL_FAST_MATH = YES;
				ONLY_ACTIVE_ARCH = YES;
				SDKROOT = iphoneos;
				SWIFT_ACTIVE_COMPILATION_CONDITIONS = DEBUG;
				SWIFT_OPTIMIZATION_LEVEL = "-Onone";
			};
			name = Debug;
		};
		AFEAAD3F2A72C3400055DBB3 /* Release */ = {
			isa = XCBuildConfiguration;
			buildSettings = {
				ALWAYS_SEARCH_USER_PATHS = NO;
				CLANG_ANALYZER_NONNULL = YES;
				CLANG_ANALYZER_NUMBER_OBJECT_CONVERSION = YES_AGGRESSIVE;
				CLANG_CXX_LANGUAGE_STANDARD = "gnu++20";
				CLANG_ENABLE_MODULES = YES;
				CLANG_ENABLE_OBJC_ARC = YES;
				CLANG_ENABLE_OBJC_WEAK = YES;
				CLANG_WARN_BLOCK_CAPTURE_AUTORELEASING = YES;
				CLANG_WARN_BOOL_CONVERSION = YES;
				CLANG_WARN_COMMA = YES;
				CLANG_WARN_CONSTANT_CONVERSION = YES;
				CLANG_WARN_DEPRECATED_OBJC_IMPLEMENTATIONS = YES;
				CLANG_WARN_DIRECT_OBJC_ISA_USAGE = YES_ERROR;
				CLANG_WARN_DOCUMENTATION_COMMENTS = YES;
				CLANG_WARN_EMPTY_BODY = YES;
				CLANG_WARN_ENUM_CONVERSION = YES;
				CLANG_WARN_INFINITE_RECURSION = YES;
				CLANG_WARN_INT_CONVERSION = YES;
				CLANG_WARN_NON_LITERAL_NULL_CONVERSION = YES;
				CLANG_WARN_OBJC_IMPLICIT_RETAIN_SELF = YES;
				CLANG_WARN_OBJC_LITERAL_CONVERSION = YES;
				CLANG_WARN_OBJC_ROOT_CLASS = YES_ERROR;
				CLANG_WARN_QUOTED_INCLUDE_IN_FRAMEWORK_HEADER = YES;
				CLANG_WARN_RANGE_LOOP_ANALYSIS = YES;
				CLANG_WARN_STRICT_PROTOTYPES = YES;
				CLANG_WARN_SUSPICIOUS_MOVE = YES;
				CLANG_WARN_UNGUARDED_AVAILABILITY = YES_AGGRESSIVE;
				CLANG_WARN_UNREACHABLE_CODE = YES;
				CLANG_WARN__DUPLICATE_METHOD_MATCH = YES;
				COPY_PHASE_STRIP = NO;
				DEBUG_INFORMATION_FORMAT = "dwarf-with-dsym";
				ENABLE_NS_ASSERTIONS = NO;
				ENABLE_STRICT_OBJC_MSGSEND = YES;
				GCC_C_LANGUAGE_STANDARD = gnu11;
				GCC_NO_COMMON_BLOCKS = YES;
				GCC_WARN_64_TO_32_BIT_CONVERSION = YES;
				GCC_WARN_ABOUT_RETURN_TYPE = YES_ERROR;
				GCC_WARN_UNDECLARED_SELECTOR = YES;
				GCC_WARN_UNINITIALIZED_AUTOS = YES_AGGRESSIVE;
				GCC_WARN_UNUSED_FUNCTION = YES;
				GCC_WARN_UNUSED_VARIABLE = YES;
				IPHONEOS_DEPLOYMENT_TARGET = 16.4;
				MTL_ENABLE_DEBUG_INFO = NO;
				MTL_FAST_MATH = YES;
				SDKROOT = iphoneos;
				SWIFT_COMPILATION_MODE = wholemodule;
				SWIFT_OPTIMIZATION_LEVEL = "-O";
				VALIDATE_PRODUCT = YES;
			};
			name = Release;
		};
		AFEAAD412A72C3400055DBB3 /* Debug */ = {
			isa = XCBuildConfiguration;
			buildSettings = {
				ASSETCATALOG_COMPILER_APPICON_NAME = AppIcon;
				ASSETCATALOG_COMPILER_GLOBAL_ACCENT_COLOR_NAME = AccentColor;
				CODE_SIGN_STYLE = Automatic;
				CURRENT_PROJECT_VERSION = 1;
				DEVELOPMENT_ASSET_PATHS = "\"Avocados/Preview Content\"";
				DEVELOPMENT_TEAM = 832X59G2G6;
				ENABLE_PREVIEWS = YES;
				GENERATE_INFOPLIST_FILE = YES;
				INFOPLIST_FILE = Avocados/Info.plist;
				INFOPLIST_KEY_UIApplicationSceneManifest_Generation = YES;
				INFOPLIST_KEY_UIApplicationSupportsIndirectInputEvents = YES;
				INFOPLIST_KEY_UISupportedInterfaceOrientations_iPad = "UIInterfaceOrientationPortrait UIInterfaceOrientationPortraitUpsideDown UIInterfaceOrientationLandscapeLeft UIInterfaceOrientationLandscapeRight";
				INFOPLIST_KEY_UISupportedInterfaceOrientations_iPhone = "UIInterfaceOrientationPortrait UIInterfaceOrientationLandscapeLeft UIInterfaceOrientationLandscapeRight";
				LD_RUNPATH_SEARCH_PATHS = (
					"$(inherited)",
					"@executable_path/Frameworks",
				);
				MARKETING_VERSION = 1.0;
				PRODUCT_BUNDLE_IDENTIFIER = awellsdesigns.Avocados;
				PRODUCT_NAME = "$(TARGET_NAME)";
				SWIFT_EMIT_LOC_STRINGS = YES;
				SWIFT_VERSION = 5.0;
				TARGETED_DEVICE_FAMILY = "1,2";
			};
			name = Debug;
		};
		AFEAAD422A72C3400055DBB3 /* Release */ = {
			isa = XCBuildConfiguration;
			buildSettings = {
				ASSETCATALOG_COMPILER_APPICON_NAME = AppIcon;
				ASSETCATALOG_COMPILER_GLOBAL_ACCENT_COLOR_NAME = AccentColor;
				CODE_SIGN_STYLE = Automatic;
				CURRENT_PROJECT_VERSION = 1;
				DEVELOPMENT_ASSET_PATHS = "\"Avocados/Preview Content\"";
				DEVELOPMENT_TEAM = 832X59G2G6;
				ENABLE_PREVIEWS = YES;
				GENERATE_INFOPLIST_FILE = YES;
				INFOPLIST_FILE = Avocados/Info.plist;
				INFOPLIST_KEY_UIApplicationSceneManifest_Generation = YES;
				INFOPLIST_KEY_UIApplicationSupportsIndirectInputEvents = YES;
				INFOPLIST_KEY_UISupportedInterfaceOrientations_iPad = "UIInterfaceOrientationPortrait UIInterfaceOrientationPortraitUpsideDown UIInterfaceOrientationLandscapeLeft UIInterfaceOrientationLandscapeRight";
				INFOPLIST_KEY_UISupportedInterfaceOrientations_iPhone = "UIInterfaceOrientationPortrait UIInterfaceOrientationLandscapeLeft UIInterfaceOrientationLandscapeRight";
				LD_RUNPATH_SEARCH_PATHS = (
					"$(inherited)",
					"@executable_path/Frameworks",
				);
				MARKETING_VERSION = 1.0;
				PRODUCT_BUNDLE_IDENTIFIER = awellsdesigns.Avocados;
				PRODUCT_NAME = "$(TARGET_NAME)";
				SWIFT_EMIT_LOC_STRINGS = YES;
				SWIFT_VERSION = 5.0;
				TARGETED_DEVICE_FAMILY = "1,2";
			};
			name = Release;
		};
/* End XCBuildConfiguration section */

/* Begin XCConfigurationList section */
		AFEAAD2D2A72C33F0055DBB3 /* Build configuration list for PBXProject "Avocados" */ = {
			isa = XCConfigurationList;
			buildConfigurations = (
				AFEAAD3E2A72C3400055DBB3 /* Debug */,
				AFEAAD3F2A72C3400055DBB3 /* Release */,
			);
			defaultConfigurationIsVisible = 0;
			defaultConfigurationName = Release;
		};
		AFEAAD402A72C3400055DBB3 /* Build configuration list for PBXNativeTarget "Avocados" */ = {
			isa = XCConfigurationList;
			buildConfigurations = (
				AFEAAD412A72C3400055DBB3 /* Debug */,
				AFEAAD422A72C3400055DBB3 /* Release */,
			);
			defaultConfigurationIsVisible = 0;
			defaultConfigurationName = Release;
		};
/* End XCConfigurationList section */
	};
	rootObject = AFEAAD2A2A72C33F0055DBB3 /* Project object */;
}
